{
  "name": "tomterpreter",
  "version": "1.0.3",
  "lockfileVersion": 2,
  "requires": true,
  "packages": {
    "": {
      "name": "tomterpreter",
      "version": "1.0.3",
      "license": "ISC",
      "dependencies": {
        "asciiscript": "^1.0.1",
        "chalk": "^4.1.2",
        "context-eval": "^0.1.0",
        "JSCPP": "^2.0.9",
        "jspython-interpreter": "^2.1.5",
        "ruby": "^0.6.1",
        "toml": "^3.0.0",
        "vm2": "^3.9.5"
      },
      "bin": {
        "tomterpreter": "bin/index.js"
      }
    },
    "node_modules/ansi-styles": {
      "version": "4.3.0",
      "resolved": "https://registry.npmjs.org/ansi-styles/-/ansi-styles-4.3.0.tgz",
      "integrity": "sha512-zbB9rCJAT1rbjiVDb2hqKFHNYLxgtk8NURxZ3IZwD3F6NtxbXZQCnnSi1Lkx+IDohdPlFp222wVALIheZJQSEg==",
      "dependencies": {
        "color-convert": "^2.0.1"
      },
      "engines": {
        "node": ">=8"
      },
      "funding": {
        "url": "https://github.com/chalk/ansi-styles?sponsor=1"
      }
    },
    "node_modules/asciiscript": {
      "version": "1.0.1",
      "resolved": "https://registry.npmjs.org/asciiscript/-/asciiscript-1.0.1.tgz",
      "integrity": "sha512-7ubCpbKMbxOS+yQ1h+Xj2vjvXgHxEEsfDVEWSgvHwBEnZRJwDYqmNVJh7ePcByXQ+l4sDDboivjI838j3eSpJg=="
    },
    "node_modules/chalk": {
      "version": "4.1.2",
      "resolved": "https://registry.npmjs.org/chalk/-/chalk-4.1.2.tgz",
      "integrity": "sha512-oKnbhFyRIXpUuez8iBMmyEa4nbj4IOQyuhc/wy9kY7/WVPcwIO9VA668Pu8RkO7+0G76SLROeyw9CpQ061i4mA==",
      "dependencies": {
        "ansi-styles": "^4.1.0",
        "supports-color": "^7.1.0"
      },
      "engines": {
        "node": ">=10"
      },
      "funding": {
        "url": "https://github.com/chalk/chalk?sponsor=1"
      }
    },
    "node_modules/color-convert": {
      "version": "2.0.1",
      "resolved": "https://registry.npmjs.org/color-convert/-/color-convert-2.0.1.tgz",
      "integrity": "sha512-RRECPsj7iu/xb5oKYcsFHSppFNnsj/52OVTRKb4zP5onXwVF3zVmmToNcOfGC+CRDpfK/U584fMg38ZHCaElKQ==",
      "dependencies": {
        "color-name": "~1.1.4"
      },
      "engines": {
        "node": ">=7.0.0"
      }
    },
    "node_modules/color-name": {
      "version": "1.1.4",
      "resolved": "https://registry.npmjs.org/color-name/-/color-name-1.1.4.tgz",
      "integrity": "sha512-dOy+3AuW3a2wNbZHIuMZpTcgjGuLU/uBL/ubcZF9OXbDo8ff4O8yVp5Bf0efS8uEoYo5q4Fx7dY9OgQGXgAsQA=="
    },
    "node_modules/context-eval": {
      "version": "0.1.0",
      "resolved": "https://registry.npmjs.org/context-eval/-/context-eval-0.1.0.tgz",
      "integrity": "sha1-P8pxfX3wI6l4XwjGWkGJo93wP6s="
    },
    "node_modules/has-flag": {
      "version": "4.0.0",
      "resolved": "https://registry.npmjs.org/has-flag/-/has-flag-4.0.0.tgz",
      "integrity": "sha512-EykJT/Q1KjTWctppgIAgfSO0tKVuZUjhgMr17kqTumMl6Afv3EISleU7qZUzoXDFTAHTDC4NOoG/ZxU3EvlMPQ==",
      "engines": {
        "node": ">=8"
      }
    },
    "node_modules/JSCPP": {
      "version": "2.0.9",
      "resolved": "https://registry.npmjs.org/JSCPP/-/JSCPP-2.0.9.tgz",
      "integrity": "sha512-ix62BbyR33JfuLS5JN3lrP5WrDFHJMe498TbyEN0vjRgK1pvOREs03YA0rMoj0U2h9EYLSoo9emZMW2rSlFVfQ==",
      "dependencies": {
        "lodash": "^4.17.20",
        "pegjs-util": "^1.4.21",
        "printf": "^0.6.0"
      }
    },
    "node_modules/jspython-interpreter": {
      "version": "2.1.5",
      "resolved": "https://registry.npmjs.org/jspython-interpreter/-/jspython-interpreter-2.1.5.tgz",
      "integrity": "sha512-89P7YCkE7WxmiIHMIPHPuOY6XHZ/Dxzmt5dSpZcleqn6yHT7YOSGPsOzVObyu5lNWX0JhAoj8ep5E6umWfrfOw=="
    },
    "node_modules/lodash": {
      "version": "4.17.21",
      "resolved": "https://registry.npmjs.org/lodash/-/lodash-4.17.21.tgz",
      "integrity": "sha512-v2kDEe57lecTulaDIuNTPy3Ry4gLGJ6Z1O3vE1krgXZNrsQ+LFTGHVxVjcXPs17LhbZVGedAJv8XZ1tvj5FvSg=="
    },
    "node_modules/pegjs": {
      "version": "0.10.0",
      "resolved": "https://registry.npmjs.org/pegjs/-/pegjs-0.10.0.tgz",
      "integrity": "sha1-z4uvrm7d/0tafvsYUmnqr0YQ3b0=",
      "bin": {
        "pegjs": "bin/pegjs"
      },
      "engines": {
        "node": ">=0.10"
      }
    },
    "node_modules/pegjs-util": {
      "version": "1.4.21",
      "resolved": "https://registry.npmjs.org/pegjs-util/-/pegjs-util-1.4.21.tgz",
      "integrity": "sha512-0z15BXCjxwgeD+pO5QImUgOFsJ86jFt6oDqatveLggeARSS5wmrt9SxCONkUvOeSsob2faVBC9H4wpl4zudg9A==",
      "dependencies": {
        "pegjs": ">=0.10.0"
      }
    },
    "node_modules/printf": {
      "version": "0.6.1",
      "resolved": "https://registry.npmjs.org/printf/-/printf-0.6.1.tgz",
      "integrity": "sha512-is0ctgGdPJ5951KulgfzvHGwJtZ5ck8l042vRkV6jrkpBzTmb/lueTqguWHy2JfVA+RY6gFVlaZgUS0j7S/dsw==",
      "engines": {
        "node": ">= 0.9.0"
      }
    },
    "node_modules/ruby": {
      "version": "0.6.1",
      "resolved": "https://registry.npmjs.org/ruby/-/ruby-0.6.1.tgz",
      "integrity": "sha1-s/7leH5PnA1YFNYWaltdvPskujU=",
      "dependencies": {
        "lodash": "^4.13.0"
      }
    },
    "node_modules/supports-color": {
      "version": "7.2.0",
      "resolved": "https://registry.npmjs.org/supports-color/-/supports-color-7.2.0.tgz",
      "integrity": "sha512-qpCAvRl9stuOHveKsn7HncJRvv501qIacKzQlO/+Lwxc9+0q2wLyv4Dfvt80/DPn2pqOBsJdDiogXGR9+OvwRw==",
      "dependencies": {
        "has-flag": "^4.0.0"
      },
      "engines": {
        "node": ">=8"
      }
    },
    "node_modules/toml": {
      "version": "3.0.0",
      "resolved": "https://registry.npmjs.org/toml/-/toml-3.0.0.tgz",
      "integrity": "sha512-y/mWCZinnvxjTKYhJ+pYxwD0mRLVvOtdS2Awbgxln6iEnt4rk0yBxeSBHkGJcPucRiG0e55mwWp+g/05rsrd6w=="
    },
    "node_modules/vm2": {
      "version": "3.9.5",
      "resolved": "https://registry.npmjs.org/vm2/-/vm2-3.9.5.tgz",
      "integrity": "sha512-LuCAHZN75H9tdrAiLFf030oW7nJV5xwNMuk1ymOZwopmuK3d2H4L1Kv4+GFHgarKiLfXXLFU+7LDABHnwOkWng==",
      "bin": {
        "vm2": "bin/vm2"
      },
      "engines": {
        "node": ">=6.0"
      }
    }
  },
  "dependencies": {
    "ansi-styles": {
      "version": "4.3.0",
      "resolved": "https://registry.npmjs.org/ansi-styles/-/ansi-styles-4.3.0.tgz",
      "integrity": "sha512-zbB9rCJAT1rbjiVDb2hqKFHNYLxgtk8NURxZ3IZwD3F6NtxbXZQCnnSi1Lkx+IDohdPlFp222wVALIheZJQSEg==",
      "requires": {
        "color-convert": "^2.0.1"
      }
    },
    "asciiscript": {
      "version": "1.0.1",
      "resolved": "https://registry.npmjs.org/asciiscript/-/asciiscript-1.0.1.tgz",
      "integrity": "sha512-7ubCpbKMbxOS+yQ1h+Xj2vjvXgHxEEsfDVEWSgvHwBEnZRJwDYqmNVJh7ePcByXQ+l4sDDboivjI838j3eSpJg=="
    },
    "chalk": {
      "version": "4.1.2",
      "resolved": "https://registry.npmjs.org/chalk/-/chalk-4.1.2.tgz",
      "integrity": "sha512-oKnbhFyRIXpUuez8iBMmyEa4nbj4IOQyuhc/wy9kY7/WVPcwIO9VA668Pu8RkO7+0G76SLROeyw9CpQ061i4mA==",
      "requires": {
        "ansi-styles": "^4.1.0",
        "supports-color": "^7.1.0"
      }
    },
    "color-convert": {
      "version": "2.0.1",
      "resolved": "https://registry.npmjs.org/color-convert/-/color-convert-2.0.1.tgz",
      "integrity": "sha512-RRECPsj7iu/xb5oKYcsFHSppFNnsj/52OVTRKb4zP5onXwVF3zVmmToNcOfGC+CRDpfK/U584fMg38ZHCaElKQ==",
      "requires": {
        "color-name": "~1.1.4"
      }
    },
    "color-name": {
      "version": "1.1.4",
      "resolved": "https://registry.npmjs.org/color-name/-/color-name-1.1.4.tgz",
      "integrity": "sha512-dOy+3AuW3a2wNbZHIuMZpTcgjGuLU/uBL/ubcZF9OXbDo8ff4O8yVp5Bf0efS8uEoYo5q4Fx7dY9OgQGXgAsQA=="
    },
    "context-eval": {
      "version": "0.1.0",
      "resolved": "https://registry.npmjs.org/context-eval/-/context-eval-0.1.0.tgz",
      "integrity": "sha1-P8pxfX3wI6l4XwjGWkGJo93wP6s="
    },
    "has-flag": {
      "version": "4.0.0",
      "resolved": "https://registry.npmjs.org/has-flag/-/has-flag-4.0.0.tgz",
      "integrity": "sha512-EykJT/Q1KjTWctppgIAgfSO0tKVuZUjhgMr17kqTumMl6Afv3EISleU7qZUzoXDFTAHTDC4NOoG/ZxU3EvlMPQ=="
    },
    "JSCPP": {
      "version": "2.0.9",
      "resolved": "https://registry.npmjs.org/JSCPP/-/JSCPP-2.0.9.tgz",
      "integrity": "sha512-ix62BbyR33JfuLS5JN3lrP5WrDFHJMe498TbyEN0vjRgK1pvOREs03YA0rMoj0U2h9EYLSoo9emZMW2rSlFVfQ==",
      "requires": {
        "lodash": "^4.17.20",
        "pegjs-util": "^1.4.21",
        "printf": "^0.6.0"
      }
    },
    "jspython-interpreter": {
      "version": "2.1.5",
      "resolved": "https://registry.npmjs.org/jspython-interpreter/-/jspython-interpreter-2.1.5.tgz",
      "integrity": "sha512-89P7YCkE7WxmiIHMIPHPuOY6XHZ/Dxzmt5dSpZcleqn6yHT7YOSGPsOzVObyu5lNWX0JhAoj8ep5E6umWfrfOw=="
    },
    "lodash": {
      "version": "4.17.21",
      "resolved": "https://registry.npmjs.org/lodash/-/lodash-4.17.21.tgz",
      "integrity": "sha512-v2kDEe57lecTulaDIuNTPy3Ry4gLGJ6Z1O3vE1krgXZNrsQ+LFTGHVxVjcXPs17LhbZVGedAJv8XZ1tvj5FvSg=="
    },
    "pegjs": {
      "version": "0.10.0",
      "resolved": "https://registry.npmjs.org/pegjs/-/pegjs-0.10.0.tgz",
      "integrity": "sha1-z4uvrm7d/0tafvsYUmnqr0YQ3b0="
    },
    "pegjs-util": {
      "version": "1.4.21",
      "resolved": "https://registry.npmjs.org/pegjs-util/-/pegjs-util-1.4.21.tgz",
      "integrity": "sha512-0z15BXCjxwgeD+pO5QImUgOFsJ86jFt6oDqatveLggeARSS5wmrt9SxCONkUvOeSsob2faVBC9H4wpl4zudg9A==",
      "requires": {
        "pegjs": ">=0.10.0"
      }
    },
    "printf": {
      "version": "0.6.1",
      "resolved": "https://registry.npmjs.org/printf/-/printf-0.6.1.tgz",
      "integrity": "sha512-is0ctgGdPJ5951KulgfzvHGwJtZ5ck8l042vRkV6jrkpBzTmb/lueTqguWHy2JfVA+RY6gFVlaZgUS0j7S/dsw=="
    },
    "ruby": {
      "version": "0.6.1",
      "resolved": "https://registry.npmjs.org/ruby/-/ruby-0.6.1.tgz",
      "integrity": "sha1-s/7leH5PnA1YFNYWaltdvPskujU=",
      "requires": {
        "lodash": "^4.13.0"
      }
    },
    "supports-color": {
      "version": "7.2.0",
      "resolved": "https://registry.npmjs.org/supports-color/-/supports-color-7.2.0.tgz",
      "integrity": "sha512-qpCAvRl9stuOHveKsn7HncJRvv501qIacKzQlO/+Lwxc9+0q2wLyv4Dfvt80/DPn2pqOBsJdDiogXGR9+OvwRw==",
      "requires": {
        "has-flag": "^4.0.0"
      }
    },
    "toml": {
      "version": "3.0.0",
      "resolved": "https://registry.npmjs.org/toml/-/toml-3.0.0.tgz",
      "integrity": "sha512-y/mWCZinnvxjTKYhJ+pYxwD0mRLVvOtdS2Awbgxln6iEnt4rk0yBxeSBHkGJcPucRiG0e55mwWp+g/05rsrd6w=="
    },
    "vm2": {
      "version": "3.9.5",
      "resolved": "https://registry.npmjs.org/vm2/-/vm2-3.9.5.tgz",
      "integrity": "sha512-LuCAHZN75H9tdrAiLFf030oW7nJV5xwNMuk1ymOZwopmuK3d2H4L1Kv4+GFHgarKiLfXXLFU+7LDABHnwOkWng=="
    }
  }
}
